
Microsoft Visual Studio Solution File, Format Version 12.00
# Visual Studio 15
VisualStudioVersion = 15.0.28307.489
MinimumVisualStudioVersion = 10.0.40219.1
Project("{FAE04EC0-301F-11D3-BF4B-00C04F79EFBC}") = "Bomb.Android", "Bomb\Bomb.Android\Bomb.Android.csproj", "{083F342E-E77F-4F77-9A25-FAAA62781488}"
EndProject
Project("{FAE04EC0-301F-11D3-BF4B-00C04F79EFBC}") = "Bomb", "Bomb\Bomb\Bomb.csproj", "{C31E6242-2621-4C53-9364-ED4CC889128A}"
EndProject
Global
	GlobalSection(SolutionConfigurationPlatforms) = preSolution
		Debug|Any CPU = Debug|Any CPU
		Release|Any CPU = Release|Any CPU
	EndGlobalSection
	GlobalSection(ProjectConfigurationPlatforms) = postSolution
		{083F342E-E77F-4F77-9A25-FAAA62781488}.Debug|Any CPU.ActiveCfg = Debug|Any CPU
		{083F342E-E77F-4F77-9A25-FAAA62781488}.Debug|Any CPU.Build.0 = Debug|Any CPU
		{083F342E-E77F-4F77-9A25-FAAA62781488}.Debug|Any CPU.Deploy.0 = Debug|Any CPU
		{083F342E-E77F-4F77-9A25-FAAA62781488}.Release|Any CPU.ActiveCfg = Release|Any CPU
		{083F342E-E77F-4F77-9A25-FAAA62781488}.Release|Any CPU.Build.0 = Release|Any CPU
		{083F342E-E77F-4F77-9A25-FAAA62781488}.Release|Any CPU.Deploy.0 = Release|Any CPU
		{C31E6242-2621-4C53-9364-ED4CC889128A}.Debug|Any CPU.ActiveCfg = Debug|Any CPU
		{C31E6242-2621-4C53-9364-ED4CC889128A}.Debug|Any CPU.Build.0 = Debug|Any CPU
		{C31E6242-2621-4C53-9364-ED4CC889128A}.Release|Any CPU.ActiveCfg = Release|Any CPU
		{C31E6242-2621-4C53-9364-ED4CC889128A}.Release|Any CPU.Build.0 = Release|Any CPU
	EndGlobalSection
	GlobalSection(SolutionProperties) = preSolution
		HideSolutionNode = FALSE
	EndGlobalSection
	GlobalSection(ExtensibilityGlobals) = postSolution
		SolutionGuid = {EE6E4645-E854-4EF9-A88F-FE83D4B6DCB9}
	EndGlobalSection
EndGlobal
